
Microsoft Visual Studio Solution File, Format Version 12.00
# Visual Studio Version 16
VisualStudioVersion = 16.0.30413.136
MinimumVisualStudioVersion = 10.0.40219.1
Project("{888888A0-9F3D-457C-B088-3A5042F75D52}") = "PythonProjects", "PythonProjects.pyproj", "{23D940C5-6BA2-4283-80B5-2FE97303D7D3}"
EndProject
Global
	GlobalSection(SolutionConfigurationPlatforms) = preSolution
		Debug|Any CPU = Debug|Any CPU
		Release|Any CPU = Release|Any CPU
	EndGlobalSection
	GlobalSection(ProjectConfigurationPlatforms) = postSolution
		{23D940C5-6BA2-4283-80B5-2FE97303D7D3}.Debug|Any CPU.ActiveCfg = Debug|Any CPU
		{23D940C5-6BA2-4283-80B5-2FE97303D7D3}.Release|Any CPU.ActiveCfg = Release|Any CPU
	EndGlobalSection
	GlobalSection(SolutionProperties) = preSolution
		HideSolutionNode = FALSE
	EndGlobalSection
	GlobalSection(ExtensibilityGlobals) = postSolution
		SolutionGuid = {D91B669A-BDDD-421C-94FA-FEB315DAA99A}
	EndGlobalSection
EndGlobal
